%{
  "pane": {:hex, :pane, "0.3.0", "7b028e2aa8f004b62a965de983d824ad20d94f3c9c82b2bb4a9cdcebeb9e7060", [:mix], [], "hexpm"},
  "phoenix_gen_socket_client": {:hex, :phoenix_gen_socket_client, "2.1.1", "0432beccf3ff3b7fbf4c033588d01c9819cbdf7f087dbd1e7e90d3945d05f95e", [:mix], [{:poison, "~> 2.0 or ~> 3.0", [hex: :poison, repo: "hexpm", optional: true]}, {:websocket_client, "~> 1.2", [hex: :websocket_client, repo: "hexpm", optional: true]}], "hexpm"},
  "poison": {:hex, :poison, "2.2.0", "4763b69a8a77bd77d26f477d196428b741261a761257ff1cf92753a0d4d24a63", [:mix], [], "hexpm"},
  "recon": {:hex, :recon, "2.3.6", "2bcad0cf621fb277cabbb6413159cd3aa30265c2dee42c968697988b30108604", [:rebar3], [], "hexpm"},
  "scribe": {:hex, :scribe, "0.8.0", "41ead349dc2f89b8f6b4596633f829340e7e5fcbee3e7eb3642fd031dd21142a", [:mix], [{:pane, "~> 0.2", [hex: :pane, repo: "hexpm", optional: false]}], "hexpm"},
  "websocket_client": {:hex, :websocket_client, "1.3.0", "2275d7daaa1cdacebf2068891c9844b15f4fdc3de3ec2602420c2fb486db59b6", [:rebar3], [], "hexpm"},
}
